{
  "name": "gatsby-starter-plugin",
  "version": "1.0.0",
  "lockfileVersion": 1,
  "requires": true,
  "dependencies": {
    "@apollo/client": {
      "version": "3.5.6",
      "resolved": "https://registry.npmjs.org/@apollo/client/-/client-3.5.6.tgz",
      "integrity": "sha512-XHoouuEJ4L37mtfftcHHO1caCRrKKAofAwqRoq28UQIPMJk+e7n3X9OtRRNXKk/9tmhNkwelSary+EilfPwI7A==",
      "requires": {
        "@graphql-typed-document-node/core": "^3.0.0",
        "@wry/context": "^0.6.0",
        "@wry/equality": "^0.5.0",
        "@wry/trie": "^0.3.0",
        "graphql-tag": "^2.12.3",
        "hoist-non-react-statics": "^3.3.2",
        "optimism": "^0.16.1",
        "prop-types": "^15.7.2",
        "symbol-observable": "^4.0.0",
        "ts-invariant": "^0.9.4",
        "tslib": "^2.3.0",
        "zen-observable-ts": "^1.2.0"
      }
    },
    "@graphql-typed-document-node/core": {
      "version": "3.1.1",
      "resolved": "https://registry.npmjs.org/@graphql-typed-document-node/core/-/core-3.1.1.tgz",
      "integrity": "sha512-NQ17ii0rK1b34VZonlmT2QMJFI70m0TRwbknO/ihlbatXyaktDhN/98vBiUU6kNBPljqGqyIrl2T4nY2RpFANg=="
    },
    "@wry/context": {
      "version": "0.6.1",
      "resolved": "https://registry.npmjs.org/@wry/context/-/context-0.6.1.tgz",
      "integrity": "sha512-LOmVnY1iTU2D8tv4Xf6MVMZZ+juIJ87Kt/plMijjN20NMAXGmH4u8bS1t0uT74cZ5gwpocYueV58YwyI8y+GKw==",
      "requires": {
        "tslib": "^2.3.0"
      }
    },
    "@wry/equality": {
      "version": "0.5.2",
      "resolved": "https://registry.npmjs.org/@wry/equality/-/equality-0.5.2.tgz",
      "integrity": "sha512-oVMxbUXL48EV/C0/M7gLVsoK6qRHPS85x8zECofEZOVvxGmIPLA9o5Z27cc2PoAyZz1S2VoM2A7FLAnpfGlneA==",
      "requires": {
        "tslib": "^2.3.0"
      }
    },
    "@wry/trie": {
      "version": "0.3.1",
      "resolved": "https://registry.npmjs.org/@wry/trie/-/trie-0.3.1.tgz",
      "integrity": "sha512-WwB53ikYudh9pIorgxrkHKrQZcCqNM/Q/bDzZBffEaGUKGuHrRb3zZUT9Sh2qw9yogC7SsdRmQ1ER0pqvd3bfw==",
      "requires": {
        "tslib": "^2.3.0"
      }
    },
    "backo2": {
      "version": "1.0.2",
      "resolved": "https://registry.npmjs.org/backo2/-/backo2-1.0.2.tgz",
      "integrity": "sha1-MasayLEpNjRj41s+u2n038+6eUc="
    },
    "cross-fetch": {
      "version": "3.1.4",
      "resolved": "https://registry.npmjs.org/cross-fetch/-/cross-fetch-3.1.4.tgz",
      "integrity": "sha512-1eAtFWdIubi6T4XPy6ei9iUFoKpUkIF971QLN8lIvvvwueI65+Nw5haMNKUwfJxabqlIIDODJKGrQ66gxC0PbQ==",
      "requires": {
        "node-fetch": "2.6.1"
      },
      "dependencies": {
        "node-fetch": {
          "version": "2.6.1",
          "resolved": "https://registry.npmjs.org/node-fetch/-/node-fetch-2.6.1.tgz",
          "integrity": "sha512-V4aYg89jEoVRxRb2fJdAg8FHvI7cEyYdVAh94HH0UIK8oJxUfkjlDQN9RbMx+bEjP7+ggMiFRprSti032Oipxw=="
        }
      }
    },
    "data-uri-to-buffer": {
      "version": "4.0.0",
      "resolved": "https://registry.npmjs.org/data-uri-to-buffer/-/data-uri-to-buffer-4.0.0.tgz",
      "integrity": "sha512-Vr3mLBA8qWmcuschSLAOogKgQ/Jwxulv3RNE4FXnYWRGujzrRWQI4m12fQqRkwX06C0KanhLr4hK+GydchZsaA=="
    },
    "eventemitter3": {
      "version": "3.1.2",
      "resolved": "https://registry.npmjs.org/eventemitter3/-/eventemitter3-3.1.2.tgz",
      "integrity": "sha512-tvtQIeLVHjDkJYnzf2dgVMxfuSGJeM/7UCG17TT4EumTfNtF+0nebF/4zWOIkCreAbtNqhGEboB6BWrwqNaw4Q=="
    },
    "fetch-blob": {
      "version": "3.1.3",
      "resolved": "https://registry.npmjs.org/fetch-blob/-/fetch-blob-3.1.3.tgz",
      "integrity": "sha512-ax1Y5I9w+9+JiM+wdHkhBoxew+zG4AJ2SvAD1v1szpddUIiPERVGBxrMcB2ZqW0Y3PP8bOWYv2zqQq1Jp2kqUQ==",
      "requires": {
        "web-streams-polyfill": "^3.0.3"
      }
    },
    "formdata-polyfill": {
      "version": "4.0.10",
      "resolved": "https://registry.npmjs.org/formdata-polyfill/-/formdata-polyfill-4.0.10.tgz",
      "integrity": "sha512-buewHzMvYL29jdeQTVILecSaZKnt/RJWjoZCF5OW60Z67/GmSLBkOFM7qh1PI3zFNtJbaZL5eQu1vLfazOwj4g==",
      "requires": {
        "fetch-blob": "^3.1.2"
      }
    },
    "gatsby-plugin-apollo": {
      "version": "4.0.2",
      "resolved": "https://registry.npmjs.org/gatsby-plugin-apollo/-/gatsby-plugin-apollo-4.0.2.tgz",
      "integrity": "sha512-FppcI/nyhC5lsslBKpWZwWTmW+g7wSJQTHk+yEHsZJlNpGa0IE6nFvyl8j2Gwoola1ctUDZkkVHmo5sxj1dVQg==",
      "requires": {
        "isomorphic-fetch": "^3.0.0"
      }
    },
    "graphql": {
      "version": "16.2.0",
      "resolved": "https://registry.npmjs.org/graphql/-/graphql-16.2.0.tgz",
      "integrity": "sha512-MuQd7XXrdOcmfwuLwC2jNvx0n3rxIuNYOxUtiee5XOmfrWo613ar2U8pE7aHAKh8VwfpifubpD9IP+EdEAEOsA=="
    },
    "graphql-tag": {
      "version": "2.12.6",
      "resolved": "https://registry.npmjs.org/graphql-tag/-/graphql-tag-2.12.6.tgz",
      "integrity": "sha512-FdSNcu2QQcWnM2VNvSCCDCVS5PpPqpzgFT8+GXzqJuoDd0CBncxCY278u4mhRO7tMgo2JjgJA5aZ+nWSQ/Z+xg==",
      "requires": {
        "tslib": "^2.1.0"
      }
    },
    "hoist-non-react-statics": {
      "version": "3.3.2",
      "resolved": "https://registry.npmjs.org/hoist-non-react-statics/-/hoist-non-react-statics-3.3.2.tgz",
      "integrity": "sha512-/gGivxi8JPKWNm/W0jSmzcMPpfpPLc3dY/6GxhX2hQ9iGj3aDfklV4ET7NjKpSinLpJ5vafa9iiGIEZg10SfBw==",
      "requires": {
        "react-is": "^16.7.0"
      }
    },
    "isomorphic-fetch": {
      "version": "3.0.0",
      "resolved": "https://registry.npmjs.org/isomorphic-fetch/-/isomorphic-fetch-3.0.0.tgz",
      "integrity": "sha512-qvUtwJ3j6qwsF3jLxkZ72qCgjMysPzDfeV240JHiGZsANBYd+EEuu35v7dfrJ9Up0Ak07D7GGSkGhCHTqg/5wA==",
      "requires": {
        "node-fetch": "^2.6.1",
        "whatwg-fetch": "^3.4.1"
      },
      "dependencies": {
        "node-fetch": {
          "version": "2.6.6",
          "resolved": "https://registry.npmjs.org/node-fetch/-/node-fetch-2.6.6.tgz",
          "integrity": "sha512-Z8/6vRlTUChSdIgMa51jxQ4lrw/Jy5SOW10ObaA47/RElsAN2c5Pn8bTgFGWn/ibwzXTE8qwr1Yzx28vsecXEA==",
          "requires": {
            "whatwg-url": "^5.0.0"
          }
        }
      }
    },
    "iterall": {
      "version": "1.3.0",
      "resolved": "https://registry.npmjs.org/iterall/-/iterall-1.3.0.tgz",
      "integrity": "sha512-QZ9qOMdF+QLHxy1QIpUHUU1D5pS2CG2P69LF6L6CPjPYA/XMOmKV3PZpawHoAjHNyB0swdVTRxdYT4tbBbxqwg=="
    },
    "js-tokens": {
      "version": "4.0.0",
      "resolved": "https://registry.npmjs.org/js-tokens/-/js-tokens-4.0.0.tgz",
      "integrity": "sha512-RdJUflcE3cUzKiMqQgsCu06FPu9UdIJO0beYbPhHN4k6apgJtifcoCtT9bcxOpYBtpD2kCM6Sbzg4CausW/PKQ=="
    },
    "loose-envify": {
      "version": "1.4.0",
      "resolved": "https://registry.npmjs.org/loose-envify/-/loose-envify-1.4.0.tgz",
      "integrity": "sha512-lyuxPGr/Wfhrlem2CL/UcnUc1zcqKAImBDzukY7Y5F/yQiNdko6+fRLevlw1HgMySw7f611UIY408EtxRSoK3Q==",
      "requires": {
        "js-tokens": "^3.0.0 || ^4.0.0"
      }
    },
    "node-fetch": {
      "version": "3.1.0",
      "resolved": "https://registry.npmjs.org/node-fetch/-/node-fetch-3.1.0.tgz",
      "integrity": "sha512-QU0WbIfMUjd5+MUzQOYhenAazakV7Irh1SGkWCsRzBwvm4fAhzEUaHMJ6QLP7gWT6WO9/oH2zhKMMGMuIrDyKw==",
      "requires": {
        "data-uri-to-buffer": "^4.0.0",
        "fetch-blob": "^3.1.2",
        "formdata-polyfill": "^4.0.10"
      }
    },
    "object-assign": {
      "version": "4.1.1",
      "resolved": "https://registry.npmjs.org/object-assign/-/object-assign-4.1.1.tgz",
      "integrity": "sha1-IQmtx5ZYh8/AXLvUQsrIv7s2CGM="
    },
    "optimism": {
      "version": "0.16.1",
      "resolved": "https://registry.npmjs.org/optimism/-/optimism-0.16.1.tgz",
      "integrity": "sha512-64i+Uw3otrndfq5kaoGNoY7pvOhSsjFEN4bdEFh80MWVk/dbgJfMv7VFDeCT8LxNAlEVhQmdVEbfE7X2nWNIIg==",
      "requires": {
        "@wry/context": "^0.6.0",
        "@wry/trie": "^0.3.0"
      }
    },
    "prop-types": {
      "version": "15.8.0",
      "resolved": "https://registry.npmjs.org/prop-types/-/prop-types-15.8.0.tgz",
      "integrity": "sha512-fDGekdaHh65eI3lMi5OnErU6a8Ighg2KjcjQxO7m8VHyWjcPyj5kiOgV1LQDOOOgVy3+5FgjXvdSSX7B8/5/4g==",
      "requires": {
        "loose-envify": "^1.4.0",
        "object-assign": "^4.1.1",
        "react-is": "^16.13.1"
      }
    },
    "react": {
      "version": "17.0.2",
      "resolved": "https://registry.npmjs.org/react/-/react-17.0.2.tgz",
      "integrity": "sha512-gnhPt75i/dq/z3/6q/0asP78D0u592D5L1pd7M8P+dck6Fu/jJeL6iVVK23fptSUZj8Vjf++7wXA8UNclGQcbA==",
      "requires": {
        "loose-envify": "^1.1.0",
        "object-assign": "^4.1.1"
      }
    },
    "react-is": {
      "version": "16.13.1",
      "resolved": "https://registry.npmjs.org/react-is/-/react-is-16.13.1.tgz",
      "integrity": "sha512-24e6ynE2H+OKt4kqsOvNd8kBpV65zoxbA4BVsEOB3ARVWQki/DHzaUoC5KuON/BiccDaCCTZBuOcfZs70kR8bQ=="
    },
    "subscriptions-transport-ws": {
      "version": "0.11.0",
      "resolved": "https://registry.npmjs.org/subscriptions-transport-ws/-/subscriptions-transport-ws-0.11.0.tgz",
      "integrity": "sha512-8D4C6DIH5tGiAIpp5I0wD/xRlNiZAPGHygzCe7VzyzUoxHtawzjNAY9SUTXU05/EY2NMY9/9GF0ycizkXr1CWQ==",
      "requires": {
        "backo2": "^1.0.2",
        "eventemitter3": "^3.1.0",
        "iterall": "^1.2.1",
        "symbol-observable": "^1.0.4",
        "ws": "^5.2.0 || ^6.0.0 || ^7.0.0"
      },
      "dependencies": {
        "symbol-observable": {
          "version": "1.2.0",
          "resolved": "https://registry.npmjs.org/symbol-observable/-/symbol-observable-1.2.0.tgz",
          "integrity": "sha512-e900nM8RRtGhlV36KGEU9k65K3mPb1WV70OdjfxlG2EAuM1noi/E/BaW/uMhL7bPEssK8QV57vN3esixjUvcXQ=="
        },
        "ws": {
          "version": "7.5.6",
          "resolved": "https://registry.npmjs.org/ws/-/ws-7.5.6.tgz",
          "integrity": "sha512-6GLgCqo2cy2A2rjCNFlxQS6ZljG/coZfZXclldI8FB/1G3CCI36Zd8xy2HrFVACi8tfk5XrgLQEk+P0Tnz9UcA=="
        }
      }
    },
    "symbol-observable": {
      "version": "4.0.0",
      "resolved": "https://registry.npmjs.org/symbol-observable/-/symbol-observable-4.0.0.tgz",
      "integrity": "sha512-b19dMThMV4HVFynSAM1++gBHAbk2Tc/osgLIBZMKsyqh34jb2e8Os7T6ZW/Bt3pJFdBTd2JwAnAAEQV7rSNvcQ=="
    },
    "tr46": {
      "version": "0.0.3",
      "resolved": "https://registry.npmjs.org/tr46/-/tr46-0.0.3.tgz",
      "integrity": "sha1-gYT9NH2snNwYWZLzpmIuFLnZq2o="
    },
    "ts-invariant": {
      "version": "0.9.4",
      "resolved": "https://registry.npmjs.org/ts-invariant/-/ts-invariant-0.9.4.tgz",
      "integrity": "sha512-63jtX/ZSwnUNi/WhXjnK8kz4cHHpYS60AnmA6ixz17l7E12a5puCWFlNpkne5Rl0J8TBPVHpGjsj4fxs8ObVLQ==",
      "requires": {
        "tslib": "^2.1.0"
      }
    },
    "tslib": {
      "version": "2.3.1",
      "resolved": "https://registry.npmjs.org/tslib/-/tslib-2.3.1.tgz",
      "integrity": "sha512-77EbyPPpMz+FRFRuAFlWMtmgUWGe9UOG2Z25NqCwiIjRhOf5iKGuzSe5P2w1laq+FkRy4p+PCuVkJSGkzTEKVw=="
    },
    "web-streams-polyfill": {
      "version": "3.2.0",
      "resolved": "https://registry.npmjs.org/web-streams-polyfill/-/web-streams-polyfill-3.2.0.tgz",
      "integrity": "sha512-EqPmREeOzttaLRm5HS7io98goBgZ7IVz79aDvqjD0kYXLtFZTc0T/U6wHTPKyIjb+MdN7DFIIX6hgdBEpWmfPA=="
    },
    "webidl-conversions": {
      "version": "3.0.1",
      "resolved": "https://registry.npmjs.org/webidl-conversions/-/webidl-conversions-3.0.1.tgz",
      "integrity": "sha1-JFNCdeKnvGvnvIZhHMFq4KVlSHE="
    },
    "whatwg-fetch": {
      "version": "3.6.2",
      "resolved": "https://registry.npmjs.org/whatwg-fetch/-/whatwg-fetch-3.6.2.tgz",
      "integrity": "sha512-bJlen0FcuU/0EMLrdbJ7zOnW6ITZLrZMIarMUVmdKtsGvZna8vxKYaexICWPfZ8qwf9fzNq+UEIZrnSaApt6RA=="
    },
    "whatwg-url": {
      "version": "5.0.0",
      "resolved": "https://registry.npmjs.org/whatwg-url/-/whatwg-url-5.0.0.tgz",
      "integrity": "sha1-lmRU6HZUYuN2RNNib2dCzotwll0=",
      "requires": {
        "tr46": "~0.0.3",
        "webidl-conversions": "^3.0.0"
      }
    },
    "ws": {
      "version": "8.4.0",
      "resolved": "https://registry.npmjs.org/ws/-/ws-8.4.0.tgz",
      "integrity": "sha512-IHVsKe2pjajSUIl4KYMQOdlyliovpEPquKkqbwswulszzI7r0SfQrxnXdWAEqOlDCLrVSJzo+O1hAwdog2sKSQ=="
    },
    "zen-observable": {
      "version": "0.8.15",
      "resolved": "https://registry.npmjs.org/zen-observable/-/zen-observable-0.8.15.tgz",
      "integrity": "sha512-PQ2PC7R9rslx84ndNBZB/Dkv8V8fZEpk83RLgXtYd0fwUgEjseMn1Dgajh2x6S8QbZAFa9p2qVCEuYZNgve0dQ=="
    },
    "zen-observable-ts": {
      "version": "1.2.3",
      "resolved": "https://registry.npmjs.org/zen-observable-ts/-/zen-observable-ts-1.2.3.tgz",
      "integrity": "sha512-hc/TGiPkAWpByykMwDcem3SdUgA4We+0Qb36bItSuJC9xD0XVBZoFHYoadAomDSNf64CG8Ydj0Qb8Od8BUWz5g==",
      "requires": {
        "zen-observable": "0.8.15"
      }
    }
  }
}
